
Microsoft Visual Studio Solution File, Format Version 12.00
# Visual Studio Version 17
VisualStudioVersion = 17.9.34728.123
MinimumVisualStudioVersion = 10.0.40219.1
Project("{9A19103F-16F7-4668-BE54-9A1E7A4F7556}") = "ConsoleTestsAlgoritm1", "ConsoleTestsAlgoritm1.csproj", "{E9131003-A10A-48D4-9E05-5454A262AD04}"
EndProject
Project("{9A19103F-16F7-4668-BE54-9A1E7A4F7556}") = "AlgoritmTest21", "..\AlgoritmTest21\AlgoritmTest21.csproj", "{AED25601-A8E8-4368-B791-2F54165E44BD}"
EndProject
Project("{9A19103F-16F7-4668-BE54-9A1E7A4F7556}") = "AlgoritmTest3", "..\AlgoritmTest3\AlgoritmTest3.csproj", "{90AC9078-0B8B-41FA-9FFB-1846FF1AC33E}"
EndProject
Project("{9A19103F-16F7-4668-BE54-9A1E7A4F7556}") = "AlgoritmTest4", "..\AlogoritmTest4\AlgoritmTest4.csproj", "{51BAB62E-01B5-47DF-87C4-995AFD474B98}"
EndProject
Project("{9A19103F-16F7-4668-BE54-9A1E7A4F7556}") = "AlgoritmTest5", "..\AlgoritmTest5\AlgoritmTest5.csproj", "{F59192CD-5033-43F8-81EC-9E5E1C511B08}"
EndProject
Project("{9A19103F-16F7-4668-BE54-9A1E7A4F7556}") = "AlgoritmTest6", "..\AlgoritmTest6\AlgoritmTest6.csproj", "{600C0670-AC0D-4860-80B4-98CF4C4B3F65}"
EndProject
Project("{9A19103F-16F7-4668-BE54-9A1E7A4F7556}") = "AlgoritmTest7", "..\AlgoritmTest7\AlgoritmTest7.csproj", "{2134CB95-7345-43CC-A4E1-5EAD4AE94218}"
EndProject
Project("{9A19103F-16F7-4668-BE54-9A1E7A4F7556}") = "AlgoritmTest8", "..\AlgoritmTest8\AlgoritmTest8.csproj", "{627F4241-13EA-4A2A-B3AF-20E9A26B9FAD}"
EndProject
Project("{9A19103F-16F7-4668-BE54-9A1E7A4F7556}") = "AlgoritmTest9", "..\AlgoritmTest9\AlgoritmTest9.csproj", "{EB5304BC-EBF5-41C4-AA88-65DE7C0D968D}"
EndProject
Project("{9A19103F-16F7-4668-BE54-9A1E7A4F7556}") = "AlgoritmTest10", "..\AlgoritmTest10\AlgoritmTest10.csproj", "{20A1CF77-B943-4746-924B-4D90DF614832}"
EndProject
Project("{FAE04EC0-301F-11D3-BF4B-00C04F79EFBC}") = "AlgoritmTest11", "..\AlgoritmTest11\AlgoritmTest11.csproj", "{92AB7D01-C40D-4C35-8C6D-320BEF6E5EDA}"
EndProject
Global
	GlobalSection(SolutionConfigurationPlatforms) = preSolution
		Debug|Any CPU = Debug|Any CPU
		Release|Any CPU = Release|Any CPU
	EndGlobalSection
	GlobalSection(ProjectConfigurationPlatforms) = postSolution
		{E9131003-A10A-48D4-9E05-5454A262AD04}.Debug|Any CPU.ActiveCfg = Debug|Any CPU
		{E9131003-A10A-48D4-9E05-5454A262AD04}.Debug|Any CPU.Build.0 = Debug|Any CPU
		{E9131003-A10A-48D4-9E05-5454A262AD04}.Release|Any CPU.ActiveCfg = Release|Any CPU
		{E9131003-A10A-48D4-9E05-5454A262AD04}.Release|Any CPU.Build.0 = Release|Any CPU
		{AED25601-A8E8-4368-B791-2F54165E44BD}.Debug|Any CPU.ActiveCfg = Debug|Any CPU
		{AED25601-A8E8-4368-B791-2F54165E44BD}.Debug|Any CPU.Build.0 = Debug|Any CPU
		{AED25601-A8E8-4368-B791-2F54165E44BD}.Release|Any CPU.ActiveCfg = Release|Any CPU
		{AED25601-A8E8-4368-B791-2F54165E44BD}.Release|Any CPU.Build.0 = Release|Any CPU
		{90AC9078-0B8B-41FA-9FFB-1846FF1AC33E}.Debug|Any CPU.ActiveCfg = Debug|Any CPU
		{90AC9078-0B8B-41FA-9FFB-1846FF1AC33E}.Debug|Any CPU.Build.0 = Debug|Any CPU
		{90AC9078-0B8B-41FA-9FFB-1846FF1AC33E}.Release|Any CPU.ActiveCfg = Release|Any CPU
		{90AC9078-0B8B-41FA-9FFB-1846FF1AC33E}.Release|Any CPU.Build.0 = Release|Any CPU
		{51BAB62E-01B5-47DF-87C4-995AFD474B98}.Debug|Any CPU.ActiveCfg = Debug|Any CPU
		{51BAB62E-01B5-47DF-87C4-995AFD474B98}.Debug|Any CPU.Build.0 = Debug|Any CPU
		{51BAB62E-01B5-47DF-87C4-995AFD474B98}.Release|Any CPU.ActiveCfg = Release|Any CPU
		{51BAB62E-01B5-47DF-87C4-995AFD474B98}.Release|Any CPU.Build.0 = Release|Any CPU
		{F59192CD-5033-43F8-81EC-9E5E1C511B08}.Debug|Any CPU.ActiveCfg = Debug|Any CPU
		{F59192CD-5033-43F8-81EC-9E5E1C511B08}.Debug|Any CPU.Build.0 = Debug|Any CPU
		{F59192CD-5033-43F8-81EC-9E5E1C511B08}.Release|Any CPU.ActiveCfg = Release|Any CPU
		{F59192CD-5033-43F8-81EC-9E5E1C511B08}.Release|Any CPU.Build.0 = Release|Any CPU
		{600C0670-AC0D-4860-80B4-98CF4C4B3F65}.Debug|Any CPU.ActiveCfg = Debug|Any CPU
		{600C0670-AC0D-4860-80B4-98CF4C4B3F65}.Debug|Any CPU.Build.0 = Debug|Any CPU
		{600C0670-AC0D-4860-80B4-98CF4C4B3F65}.Release|Any CPU.ActiveCfg = Release|Any CPU
		{600C0670-AC0D-4860-80B4-98CF4C4B3F65}.Release|Any CPU.Build.0 = Release|Any CPU
		{2134CB95-7345-43CC-A4E1-5EAD4AE94218}.Debug|Any CPU.ActiveCfg = Debug|Any CPU
		{2134CB95-7345-43CC-A4E1-5EAD4AE94218}.Debug|Any CPU.Build.0 = Debug|Any CPU
		{2134CB95-7345-43CC-A4E1-5EAD4AE94218}.Release|Any CPU.ActiveCfg = Release|Any CPU
		{2134CB95-7345-43CC-A4E1-5EAD4AE94218}.Release|Any CPU.Build.0 = Release|Any CPU
		{627F4241-13EA-4A2A-B3AF-20E9A26B9FAD}.Debug|Any CPU.ActiveCfg = Debug|Any CPU
		{627F4241-13EA-4A2A-B3AF-20E9A26B9FAD}.Debug|Any CPU.Build.0 = Debug|Any CPU
		{627F4241-13EA-4A2A-B3AF-20E9A26B9FAD}.Release|Any CPU.ActiveCfg = Release|Any CPU
		{627F4241-13EA-4A2A-B3AF-20E9A26B9FAD}.Release|Any CPU.Build.0 = Release|Any CPU
		{EB5304BC-EBF5-41C4-AA88-65DE7C0D968D}.Debug|Any CPU.ActiveCfg = Debug|Any CPU
		{EB5304BC-EBF5-41C4-AA88-65DE7C0D968D}.Debug|Any CPU.Build.0 = Debug|Any CPU
		{EB5304BC-EBF5-41C4-AA88-65DE7C0D968D}.Release|Any CPU.ActiveCfg = Release|Any CPU
		{EB5304BC-EBF5-41C4-AA88-65DE7C0D968D}.Release|Any CPU.Build.0 = Release|Any CPU
		{20A1CF77-B943-4746-924B-4D90DF614832}.Debug|Any CPU.ActiveCfg = Debug|Any CPU
		{20A1CF77-B943-4746-924B-4D90DF614832}.Debug|Any CPU.Build.0 = Debug|Any CPU
		{20A1CF77-B943-4746-924B-4D90DF614832}.Release|Any CPU.ActiveCfg = Release|Any CPU
		{20A1CF77-B943-4746-924B-4D90DF614832}.Release|Any CPU.Build.0 = Release|Any CPU
		{92AB7D01-C40D-4C35-8C6D-320BEF6E5EDA}.Debug|Any CPU.ActiveCfg = Debug|Any CPU
		{92AB7D01-C40D-4C35-8C6D-320BEF6E5EDA}.Debug|Any CPU.Build.0 = Debug|Any CPU
		{92AB7D01-C40D-4C35-8C6D-320BEF6E5EDA}.Release|Any CPU.ActiveCfg = Release|Any CPU
		{92AB7D01-C40D-4C35-8C6D-320BEF6E5EDA}.Release|Any CPU.Build.0 = Release|Any CPU
	EndGlobalSection
	GlobalSection(SolutionProperties) = preSolution
		HideSolutionNode = FALSE
	EndGlobalSection
	GlobalSection(ExtensibilityGlobals) = postSolution
		SolutionGuid = {1BB09433-FF3B-4E49-AE11-06883EEE56D6}
	EndGlobalSection
EndGlobal
